
Microsoft Visual Studio Solution File, Format Version 12.00
# Visual Studio Version 16
VisualStudioVersion = 16.0.30523.141
MinimumVisualStudioVersion = 10.0.40219.1
Project("{FAE04EC0-301F-11D3-BF4B-00C04F79EFBC}") = "gitTesting", "gitTesting\gitTesting.csproj", "{40620864-2489-4FE6-92DE-39709095A7B2}"
EndProject
Global
	GlobalSection(SolutionConfigurationPlatforms) = preSolution
		Debug|Any CPU = Debug|Any CPU
		Release|Any CPU = Release|Any CPU
	EndGlobalSection
	GlobalSection(ProjectConfigurationPlatforms) = postSolution
		{40620864-2489-4FE6-92DE-39709095A7B2}.Debug|Any CPU.ActiveCfg = Debug|Any CPU
		{40620864-2489-4FE6-92DE-39709095A7B2}.Debug|Any CPU.Build.0 = Debug|Any CPU
		{40620864-2489-4FE6-92DE-39709095A7B2}.Release|Any CPU.ActiveCfg = Release|Any CPU
		{40620864-2489-4FE6-92DE-39709095A7B2}.Release|Any CPU.Build.0 = Release|Any CPU
	EndGlobalSection
	GlobalSection(SolutionProperties) = preSolution
		HideSolutionNode = FALSE
	EndGlobalSection
	GlobalSection(ExtensibilityGlobals) = postSolution
		SolutionGuid = {F73844E6-4173-438B-B3E6-E41A0C9A06B5}
	EndGlobalSection
EndGlobal
